// !$*UTF8*$!
{
	archiveVersion = 1;
	classes = {
	};
	objectVersion = 56;
	objects = {

/* Begin PBXBuildFile section */
		234CCD6D2A18BCC200A6AC08 /* AppDelegate.swift in Sources */ = {isa = PBXBuildFile; fileRef = 234CCD6C2A18BCC200A6AC08 /* AppDelegate.swift */; };
		234CCD6F2A18BCC200A6AC08 /* ContentView.swift in Sources */ = {isa = PBXBuildFile; fileRef = 234CCD6E2A18BCC200A6AC08 /* ContentView.swift */; };
		234CCD732A18BCC300A6AC08 /* Assets.xcassets in Resources */ = {isa = PBXBuildFile; fileRef = 234CCD722A18BCC300A6AC08 /* Assets.xcassets */; };
		234CCD762A18BCC300A6AC08 /* Preview Assets.xcassets in Resources */ = {isa = PBXBuildFile; fileRef = 234CCD752A18BCC300A6AC08 /* Preview Assets.xcassets */; };
		234CCD7E2A18C07400A6AC08 /* AlarmCreationView.swift in Sources */ = {isa = PBXBuildFile; fileRef = 234CCD7D2A18C07400A6AC08 /* AlarmCreationView.swift */; };
		23CAC0562A1D0DF8001FBB79 /* alarm.wav in Resources */ = {isa = PBXBuildFile; fileRef = 23CAC0552A1D0DF8001FBB79 /* alarm.wav */; };
		23CAC05A2A1E5A26001FBB79 /* GIFImageView.swift in Sources */ = {isa = PBXBuildFile; fileRef = 23CAC0592A1E5A26001FBB79 /* GIFImageView.swift */; };
		23CAC05C2A1E5A80001FBB79 /* wizard.gif in Resources */ = {isa = PBXBuildFile; fileRef = 23CAC05B2A1E5A80001FBB79 /* wizard.gif */; };
		23CAC05E2A1E62CE001FBB79 /* TextArroundView.swift in Sources */ = {isa = PBXBuildFile; fileRef = 23CAC05D2A1E62CE001FBB79 /* TextArroundView.swift */; };
		23DCDABA2A1F7E6C00343CD4 /* OnboardingView.swift in Sources */ = {isa = PBXBuildFile; fileRef = 23DCDAB92A1F7E6C00343CD4 /* OnboardingView.swift */; };
/* End PBXBuildFile section */

/* Begin PBXFileReference section */
		234CCD692A18BCC200A6AC08 /* Wake up.app */ = {isa = PBXFileReference; explicitFileType = wrapper.application; includeInIndex = 0; path = "Wake up.app"; sourceTree = BUILT_PRODUCTS_DIR; };
		234CCD6C2A18BCC200A6AC08 /* AppDelegate.swift */ = {isa = PBXFileReference; lastKnownFileType = sourcecode.swift; path = AppDelegate.swift; sourceTree = "<group>"; };
		234CCD6E2A18BCC200A6AC08 /* ContentView.swift */ = {isa = PBXFileReference; lastKnownFileType = sourcecode.swift; path = ContentView.swift; sourceTree = "<group>"; };
		234CCD722A18BCC300A6AC08 /* Assets.xcassets */ = {isa = PBXFileReference; lastKnownFileType = folder.assetcatalog; path = Assets.xcassets; sourceTree = "<group>"; };
		234CCD752A18BCC300A6AC08 /* Preview Assets.xcassets */ = {isa = PBXFileReference; lastKnownFileType = folder.assetcatalog; path = "Preview Assets.xcassets"; sourceTree = "<group>"; };
		234CCD7C2A18BE2B00A6AC08 /* Wake-up-Info.plist */ = {isa = PBXFileReference; lastKnownFileType = text.plist; path = "Wake-up-Info.plist"; sourceTree = SOURCE_ROOT; };
		234CCD7D2A18C07400A6AC08 /* AlarmCreationView.swift */ = {isa = PBXFileReference; lastKnownFileType = sourcecode.swift; path = AlarmCreationView.swift; sourceTree = "<group>"; };
		23CAC0552A1D0DF8001FBB79 /* alarm.wav */ = {isa = PBXFileReference; lastKnownFileType = audio.wav; path = alarm.wav; sourceTree = "<group>"; };
		23CAC0592A1E5A26001FBB79 /* GIFImageView.swift */ = {isa = PBXFileReference; lastKnownFileType = sourcecode.swift; path = GIFImageView.swift; sourceTree = "<group>"; };
		23CAC05B2A1E5A80001FBB79 /* wizard.gif */ = {isa = PBXFileReference; lastKnownFileType = image.gif; path = wizard.gif; sourceTree = "<group>"; };
		23CAC05D2A1E62CE001FBB79 /* TextArroundView.swift */ = {isa = PBXFileReference; lastKnownFileType = sourcecode.swift; path = TextArroundView.swift; sourceTree = "<group>"; };
		23DCDAB92A1F7E6C00343CD4 /* OnboardingView.swift */ = {isa = PBXFileReference; lastKnownFileType = sourcecode.swift; path = OnboardingView.swift; sourceTree = "<group>"; };
/* End PBXFileReference section */

/* Begin PBXFrameworksBuildPhase section */
		234CCD662A18BCC200A6AC08 /* Frameworks */ = {
			isa = PBXFrameworksBuildPhase;
			buildActionMask = 2147483647;
			files = (
			);
			runOnlyForDeploymentPostprocessing = 0;
		};
/* End PBXFrameworksBuildPhase section */

/* Begin PBXGroup section */
		234CCD602A18BCC200A6AC08 = {
			isa = PBXGroup;
			children = (
				234CCD6B2A18BCC200A6AC08 /* Wake up */,
				234CCD6A2A18BCC200A6AC08 /* Products */,
			);
			sourceTree = "<group>";
		};
		234CCD6A2A18BCC200A6AC08 /* Products */ = {
			isa = PBXGroup;
			children = (
				234CCD692A18BCC200A6AC08 /* Wake up.app */,
			);
			name = Products;
			sourceTree = "<group>";
		};
		234CCD6B2A18BCC200A6AC08 /* Wake up */ = {
			isa = PBXGroup;
			children = (
				234CCD7C2A18BE2B00A6AC08 /* Wake-up-Info.plist */,
				234CCD6C2A18BCC200A6AC08 /* AppDelegate.swift */,
				234CCD6E2A18BCC200A6AC08 /* ContentView.swift */,
				234CCD7D2A18C07400A6AC08 /* AlarmCreationView.swift */,
				23CAC0592A1E5A26001FBB79 /* GIFImageView.swift */,
				23CAC05D2A1E62CE001FBB79 /* TextArroundView.swift */,
				23DCDAB92A1F7E6C00343CD4 /* OnboardingView.swift */,
				23CAC0552A1D0DF8001FBB79 /* alarm.wav */,
				234CCD722A18BCC300A6AC08 /* Assets.xcassets */,
				23CAC05B2A1E5A80001FBB79 /* wizard.gif */,
				234CCD742A18BCC300A6AC08 /* Preview Content */,
			);
			path = "Wake up";
			sourceTree = "<group>";
		};
		234CCD742A18BCC300A6AC08 /* Preview Content */ = {
			isa = PBXGroup;
			children = (
				234CCD752A18BCC300A6AC08 /* Preview Assets.xcassets */,
			);
			path = "Preview Content";
			sourceTree = "<group>";
		};
/* End PBXGroup section */

/* Begin PBXNativeTarget section */
		234CCD682A18BCC200A6AC08 /* Wake up */ = {
			isa = PBXNativeTarget;
			buildConfigurationList = 234CCD792A18BCC300A6AC08 /* Build configuration list for PBXNativeTarget "Wake up" */;
			buildPhases = (
				234CCD652A18BCC200A6AC08 /* Sources */,
				234CCD662A18BCC200A6AC08 /* Frameworks */,
				234CCD672A18BCC200A6AC08 /* Resources */,
			);
			buildRules = (
			);
			dependencies = (
			);
			name = "Wake up";
			productName = "Wake up";
			productReference = 234CCD692A18BCC200A6AC08 /* Wake up.app */;
			productType = "com.apple.product-type.application";
		};
/* End PBXNativeTarget section */

/* Begin PBXProject section */
		234CCD612A18BCC200A6AC08 /* Project object */ = {
			isa = PBXProject;
			attributes = {
				BuildIndependentTargetsInParallel = 1;
				LastSwiftUpdateCheck = 1430;
				LastUpgradeCheck = 1430;
				TargetAttributes = {
					234CCD682A18BCC200A6AC08 = {
						CreatedOnToolsVersion = 14.3;
					};
				};
			};
			buildConfigurationList = 234CCD642A18BCC200A6AC08 /* Build configuration list for PBXProject "Wake up" */;
			compatibilityVersion = "Xcode 14.0";
			developmentRegion = en;
			hasScannedForEncodings = 0;
			knownRegions = (
				en,
				Base,
			);
			mainGroup = 234CCD602A18BCC200A6AC08;
			productRefGroup = 234CCD6A2A18BCC200A6AC08 /* Products */;
			projectDirPath = "";
			projectRoot = "";
			targets = (
				234CCD682A18BCC200A6AC08 /* Wake up */,
			);
		};
/* End PBXProject section */

/* Begin PBXResourcesBuildPhase section */
		234CCD672A18BCC200A6AC08 /* Resources */ = {
			isa = PBXResourcesBuildPhase;
			buildActionMask = 2147483647;
			files = (
				234CCD762A18BCC300A6AC08 /* Preview Assets.xcassets in Resources */,
				23CAC0562A1D0DF8001FBB79 /* alarm.wav in Resources */,
				234CCD732A18BCC300A6AC08 /* Assets.xcassets in Resources */,
				23CAC05C2A1E5A80001FBB79 /* wizard.gif in Resources */,
			);
			runOnlyForDeploymentPostprocessing = 0;
		};
/* End PBXResourcesBuildPhase section */

/* Begin PBXSourcesBuildPhase section */
		234CCD652A18BCC200A6AC08 /* Sources */ = {
			isa = PBXSourcesBuildPhase;
			buildActionMask = 2147483647;
			files = (
				234CCD6F2A18BCC200A6AC08 /* ContentView.swift in Sources */,
				234CCD6D2A18BCC200A6AC08 /* AppDelegate.swift in Sources */,
				23CAC05A2A1E5A26001FBB79 /* GIFImageView.swift in Sources */,
				234CCD7E2A18C07400A6AC08 /* AlarmCreationView.swift in Sources */,
				23CAC05E2A1E62CE001FBB79 /* TextArroundView.swift in Sources */,
				23DCDABA2A1F7E6C00343CD4 /* OnboardingView.swift in Sources */,
			);
			runOnlyForDeploymentPostprocessing = 0;
		};
/* End PBXSourcesBuildPhase section */

/* Begin XCBuildConfiguration section */
		234CCD772A18BCC300A6AC08 /* Debug */ = {
			isa = XCBuildConfiguration;
			buildSettings = {
				ALWAYS_SEARCH_USER_PATHS = NO;
				CLANG_ANALYZER_NONNULL = YES;
				CLANG_ANALYZER_NUMBER_OBJECT_CONVERSION = YES_AGGRESSIVE;
				CLANG_CXX_LANGUAGE_STANDARD = "gnu++20";
				CLANG_ENABLE_MODULES = YES;
				CLANG_ENABLE_OBJC_ARC = YES;
				CLANG_ENABLE_OBJC_WEAK = YES;
				CLANG_WARN_BLOCK_CAPTURE_AUTORELEASING = YES;
				CLANG_WARN_BOOL_CONVERSION = YES;
				CLANG_WARN_COMMA = YES;
				CLANG_WARN_CONSTANT_CONVERSION = YES;
				CLANG_WARN_DEPRECATED_OBJC_IMPLEMENTATIONS = YES;
				CLANG_WARN_DIRECT_OBJC_ISA_USAGE = YES_ERROR;
				CLANG_WARN_DOCUMENTATION_COMMENTS = YES;
				CLANG_WARN_EMPTY_BODY = YES;
				CLANG_WARN_ENUM_CONVERSION = YES;
				CLANG_WARN_INFINITE_RECURSION = YES;
				CLANG_WARN_INT_CONVERSION = YES;
				CLANG_WARN_NON_LITERAL_NULL_CONVERSION = YES;
				CLANG_WARN_OBJC_IMPLICIT_RETAIN_SELF = YES;
				CLANG_WARN_OBJC_LITERAL_CONVERSION = YES;
				CLANG_WARN_OBJC_ROOT_CLASS = YES_ERROR;
				CLANG_WARN_QUOTED_INCLUDE_IN_FRAMEWORK_HEADER = YES;
				CLANG_WARN_RANGE_LOOP_ANALYSIS = YES;
				CLANG_WARN_STRICT_PROTOTYPES = YES;
				CLANG_WARN_SUSPICIOUS_MOVE = YES;
				CLANG_WARN_UNGUARDED_AVAILABILITY = YES_AGGRESSIVE;
				CLANG_WARN_UNREACHABLE_CODE = YES;
				CLANG_WARN__DUPLICATE_METHOD_MATCH = YES;
				COPY_PHASE_STRIP = NO;
				DEBUG_INFORMATION_FORMAT = dwarf;
				ENABLE_STRICT_OBJC_MSGSEND = YES;
				ENABLE_TESTABILITY = YES;
				GCC_C_LANGUAGE_STANDARD = gnu11;
				GCC_DYNAMIC_NO_PIC = NO;
				GCC_NO_COMMON_BLOCKS = YES;
				GCC_OPTIMIZATION_LEVEL = 0;
				GCC_PREPROCESSOR_DEFINITIONS = (
					"DEBUG=1",
					"$(inherited)",
				);
				GCC_WARN_64_TO_32_BIT_CONVERSION = YES;
				GCC_WARN_ABOUT_RETURN_TYPE = YES_ERROR;
				GCC_WARN_UNDECLARED_SELECTOR = YES;
				GCC_WARN_UNINITIALIZED_AUTOS = YES_AGGRESSIVE;
				GCC_WARN_UNUSED_FUNCTION = YES;
				GCC_WARN_UNUSED_VARIABLE = YES;
				IPHONEOS_DEPLOYMENT_TARGET = 16.4;
				MTL_ENABLE_DEBUG_INFO = INCLUDE_SOURCE;
				MTL_FAST_MATH = YES;
				ONLY_ACTIVE_ARCH = YES;
				SDKROOT = iphoneos;
				SWIFT_ACTIVE_COMPILATION_CONDITIONS = DEBUG;
				SWIFT_OPTIMIZATION_LEVEL = "-Onone";
			};
			name = Debug;
		};
		234CCD782A18BCC300A6AC08 /* Release */ = {
			isa = XCBuildConfiguration;
			buildSettings = {
				ALWAYS_SEARCH_USER_PATHS = NO;
				CLANG_ANALYZER_NONNULL = YES;
				CLANG_ANALYZER_NUMBER_OBJECT_CONVERSION = YES_AGGRESSIVE;
				CLANG_CXX_LANGUAGE_STANDARD = "gnu++20";
				CLANG_ENABLE_MODULES = YES;
				CLANG_ENABLE_OBJC_ARC = YES;
				CLANG_ENABLE_OBJC_WEAK = YES;
				CLANG_WARN_BLOCK_CAPTURE_AUTORELEASING = YES;
				CLANG_WARN_BOOL_CONVERSION = YES;
				CLANG_WARN_COMMA = YES;
				CLANG_WARN_CONSTANT_CONVERSION = YES;
				CLANG_WARN_DEPRECATED_OBJC_IMPLEMENTATIONS = YES;
				CLANG_WARN_DIRECT_OBJC_ISA_USAGE = YES_ERROR;
				CLANG_WARN_DOCUMENTATION_COMMENTS = YES;
				CLANG_WARN_EMPTY_BODY = YES;
				CLANG_WARN_ENUM_CONVERSION = YES;
				CLANG_WARN_INFINITE_RECURSION = YES;
				CLANG_WARN_INT_CONVERSION = YES;
				CLANG_WARN_NON_LITERAL_NULL_CONVERSION = YES;
				CLANG_WARN_OBJC_IMPLICIT_RETAIN_SELF = YES;
				CLANG_WARN_OBJC_LITERAL_CONVERSION = YES;
				CLANG_WARN_OBJC_ROOT_CLASS = YES_ERROR;
				CLANG_WARN_QUOTED_INCLUDE_IN_FRAMEWORK_HEADER = YES;
				CLANG_WARN_RANGE_LOOP_ANALYSIS = YES;
				CLANG_WARN_STRICT_PROTOTYPES = YES;
				CLANG_WARN_SUSPICIOUS_MOVE = YES;
				CLANG_WARN_UNGUARDED_AVAILABILITY = YES_AGGRESSIVE;
				CLANG_WARN_UNREACHABLE_CODE = YES;
				CLANG_WARN__DUPLICATE_METHOD_MATCH = YES;
				COPY_PHASE_STRIP = NO;
				DEBUG_INFORMATION_FORMAT = "dwarf-with-dsym";
				ENABLE_NS_ASSERTIONS = NO;
				ENABLE_STRICT_OBJC_MSGSEND = YES;
				GCC_C_LANGUAGE_STANDARD = gnu11;
				GCC_NO_COMMON_BLOCKS = YES;
				GCC_WARN_64_TO_32_BIT_CONVERSION = YES;
				GCC_WARN_ABOUT_RETURN_TYPE = YES_ERROR;
				GCC_WARN_UNDECLARED_SELECTOR = YES;
				GCC_WARN_UNINITIALIZED_AUTOS = YES_AGGRESSIVE;
				GCC_WARN_UNUSED_FUNCTION = YES;
				GCC_WARN_UNUSED_VARIABLE = YES;
				IPHONEOS_DEPLOYMENT_TARGET = 16.4;
				MTL_ENABLE_DEBUG_INFO = NO;
				MTL_FAST_MATH = YES;
				SDKROOT = iphoneos;
				SWIFT_COMPILATION_MODE = wholemodule;
				SWIFT_OPTIMIZATION_LEVEL = "-O";
				VALIDATE_PRODUCT = YES;
			};
			name = Release;
		};
		234CCD7A2A18BCC300A6AC08 /* Debug */ = {
			isa = XCBuildConfiguration;
			buildSettings = {
				ASSETCATALOG_COMPILER_APPICON_NAME = AppIcon;
				ASSETCATALOG_COMPILER_GLOBAL_ACCENT_COLOR_NAME = AccentColor;
				CODE_SIGN_STYLE = Automatic;
				CURRENT_PROJECT_VERSION = 1;
				DEVELOPMENT_ASSET_PATHS = "\"Wake up/Preview Content\"";
				DEVELOPMENT_TEAM = 7FUC59ZN7P;
				ENABLE_PREVIEWS = YES;
				GENERATE_INFOPLIST_FILE = YES;
				INFOPLIST_FILE = "Wake-up-Info.plist";
				INFOPLIST_KEY_CFBundleDisplayName = "";
				INFOPLIST_KEY_LSApplicationCategoryType = "";
				INFOPLIST_KEY_NSCameraUsageDescription = "";
				INFOPLIST_KEY_UIApplicationSupportsIndirectInputEvents = YES;
				INFOPLIST_KEY_UILaunchScreen_Generation = YES;
				INFOPLIST_KEY_UIRequiredDeviceCapabilities = arkit;
				INFOPLIST_KEY_UIStatusBarHidden = YES;
				INFOPLIST_KEY_UISupportedInterfaceOrientations_iPad = "UIInterfaceOrientationPortrait UIInterfaceOrientationPortraitUpsideDown UIInterfaceOrientationLandscapeLeft UIInterfaceOrientationLandscapeRight";
				INFOPLIST_KEY_UISupportedInterfaceOrientations_iPhone = "UIInterfaceOrientationPortrait UIInterfaceOrientationLandscapeLeft UIInterfaceOrientationLandscapeRight";
				LD_RUNPATH_SEARCH_PATHS = (
					"$(inherited)",
					"@executable_path/Frameworks",
				);
				MARKETING_VERSION = 1.0;
				PRODUCT_BUNDLE_IDENTIFIER = "lab.created.army.Wake-up";
				PRODUCT_NAME = "$(TARGET_NAME)";
				SWIFT_EMIT_LOC_STRINGS = YES;
				SWIFT_VERSION = 5.0;
				TARGETED_DEVICE_FAMILY = "1,2";
			};
			name = Debug;
		};
		234CCD7B2A18BCC300A6AC08 /* Release */ = {
			isa = XCBuildConfiguration;
			buildSettings = {
				ASSETCATALOG_COMPILER_APPICON_NAME = AppIcon;
				ASSETCATALOG_COMPILER_GLOBAL_ACCENT_COLOR_NAME = AccentColor;
				CODE_SIGN_STYLE = Automatic;
				CURRENT_PROJECT_VERSION = 1;
				DEVELOPMENT_ASSET_PATHS = "\"Wake up/Preview Content\"";
				DEVELOPMENT_TEAM = 7FUC59ZN7P;
				ENABLE_PREVIEWS = YES;
				GENERATE_INFOPLIST_FILE = YES;
				INFOPLIST_FILE = "Wake-up-Info.plist";
				INFOPLIST_KEY_CFBundleDisplayName = "";
				INFOPLIST_KEY_LSApplicationCategoryType = "";
				INFOPLIST_KEY_NSCameraUsageDescription = "";
				INFOPLIST_KEY_UIApplicationSupportsIndirectInputEvents = YES;
				INFOPLIST_KEY_UILaunchScreen_Generation = YES;
				INFOPLIST_KEY_UIRequiredDeviceCapabilities = arkit;
				INFOPLIST_KEY_UIStatusBarHidden = YES;
				INFOPLIST_KEY_UISupportedInterfaceOrientations_iPad = "UIInterfaceOrientationPortrait UIInterfaceOrientationPortraitUpsideDown UIInterfaceOrientationLandscapeLeft UIInterfaceOrientationLandscapeRight";
				INFOPLIST_KEY_UISupportedInterfaceOrientations_iPhone = "UIInterfaceOrientationPortrait UIInterfaceOrientationLandscapeLeft UIInterfaceOrientationLandscapeRight";
				LD_RUNPATH_SEARCH_PATHS = (
					"$(inherited)",
					"@executable_path/Frameworks",
				);
				MARKETING_VERSION = 1.0;
				PRODUCT_BUNDLE_IDENTIFIER = "lab.created.army.Wake-up";
				PRODUCT_NAME = "$(TARGET_NAME)";
				SWIFT_EMIT_LOC_STRINGS = YES;
				SWIFT_VERSION = 5.0;
				TARGETED_DEVICE_FAMILY = "1,2";
			};
			name = Release;
		};
/* End XCBuildConfiguration section */

/* Begin XCConfigurationList section */
		234CCD642A18BCC200A6AC08 /* Build configuration list for PBXProject "Wake up" */ = {
			isa = XCConfigurationList;
			buildConfigurations = (
				234CCD772A18BCC300A6AC08 /* Debug */,
				234CCD782A18BCC300A6AC08 /* Release */,
			);
			defaultConfigurationIsVisible = 0;
			defaultConfigurationName = Release;
		};
		234CCD792A18BCC300A6AC08 /* Build configuration list for PBXNativeTarget "Wake up" */ = {
			isa = XCConfigurationList;
			buildConfigurations = (
				234CCD7A2A18BCC300A6AC08 /* Debug */,
				234CCD7B2A18BCC300A6AC08 /* Release */,
			);
			defaultConfigurationIsVisible = 0;
			defaultConfigurationName = Release;
		};
/* End XCConfigurationList section */
	};
	rootObject = 234CCD612A18BCC200A6AC08 /* Project object */;
}
